{
    "_readme": [
        "This file locks the dependencies of your project to a known state",
        "Read more about it at https://getcomposer.org/doc/01-basic-usage.md#installing-dependencies",
        "This file is @generated automatically"
    ],
    "content-hash": "25d90d9889475d31384ad9d92a5b7535",
    "packages": [
        {
            "name": "aws/aws-sdk-php",
            "version": "3.67.12",
            "source": {
                "type": "git",
                "url": "https://github.com/aws/aws-sdk-php.git",
                "reference": "cdc7180ae87b23d8b34eb8eb8176002081b32c3d"
            },
            "dist": {
                "type": "zip",
                "url": "https://api.github.com/repos/aws/aws-sdk-php/zipball/cdc7180ae87b23d8b34eb8eb8176002081b32c3d",
                "reference": "cdc7180ae87b23d8b34eb8eb8176002081b32c3d",
                "shasum": ""
            },
            "require": {
                "ext-json": "*",
                "ext-pcre": "*",
                "ext-simplexml": "*",
                "ext-spl": "*",
                "guzzlehttp/guzzle": "^5.3.1|^6.2.1",
                "guzzlehttp/promises": "~1.0",
                "guzzlehttp/psr7": "^1.4.1",
                "mtdowling/jmespath.php": "~2.2",
                "php": ">=5.5"
            },
            "require-dev": {
                "andrewsville/php-token-reflection": "^1.4",
                "aws/aws-php-sns-message-validator": "~1.0",
                "behat/behat": "~3.0",
                "doctrine/cache": "~1.4",
                "ext-dom": "*",
                "ext-openssl": "*",
                "nette/neon": "^2.3",
                "phpunit/phpunit": "^4.8.35|^5.4.3",
                "psr/cache": "^1.0"
            },
            "suggest": {
                "aws/aws-php-sns-message-validator": "To validate incoming SNS notifications",
                "doctrine/cache": "To use the DoctrineCacheAdapter",
                "ext-curl": "To send requests using cURL",
                "ext-openssl": "Allows working with CloudFront private distributions and verifying received SNS messages"
            },
            "type": "library",
            "extra": {
                "branch-alias": {
                    "dev-master": "3.0-dev"
                }
            },
            "autoload": {
                "psr-4": {
                    "Aws\\": "src/"
                },
                "files": [
                    "src/functions.php"
                ]
            },
            "notification-url": "https://packagist.org/downloads/",
            "license": [
                "Apache-2.0"
            ],
            "authors": [
                {
                    "name": "Amazon Web Services",
                    "homepage": "http://aws.amazon.com"
                }
            ],
            "description": "AWS SDK for PHP - Use Amazon Web Services in your PHP project",
            "homepage": "http://aws.amazon.com/sdkforphp",
            "keywords": [
                "amazon",
                "aws",
                "cloud",
                "dynamodb",
                "ec2",
                "glacier",
                "s3",
                "sdk"
            ],
            "time": "2018-09-13T18:34:42+00:00"
        },
        {
            "name": "guzzlehttp/guzzle",
            "version": "6.3.3",
            "source": {
                "type": "git",
                "url": "https://github.com/guzzle/guzzle.git",
                "reference": "407b0cb880ace85c9b63c5f9551db498cb2d50ba"
            },
            "dist": {
                "type": "zip",
                "url": "https://api.github.com/repos/guzzle/guzzle/zipball/407b0cb880ace85c9b63c5f9551db498cb2d50ba",
                "reference": "407b0cb880ace85c9b63c5f9551db498cb2d50ba",
                "shasum": ""
            },
            "require": {
                "guzzlehttp/promises": "^1.0",
                "guzzlehttp/psr7": "^1.4",
                "php": ">=5.5"
            },
            "require-dev": {
                "ext-curl": "*",
                "phpunit/phpunit": "^4.8.35 || ^5.7 || ^6.4 || ^7.0",
                "psr/log": "^1.0"
            },
            "suggest": {
                "psr/log": "Required for using the Log middleware"
            },
            "type": "library",
            "extra": {
                "branch-alias": {
                    "dev-master": "6.3-dev"
                }
            },
            "autoload": {
                "files": [
                    "src/functions_include.php"
                ],
                "psr-4": {
                    "GuzzleHttp\\": "src/"
                }
            },
            "notification-url": "https://packagist.org/downloads/",
            "license": [
                "MIT"
            ],
            "authors": [
                {
                    "name": "Michael Dowling",
                    "email": "mtdowling@gmail.com",
                    "homepage": "https://github.com/mtdowling"
                }
            ],
            "description": "Guzzle is a PHP HTTP client library",
            "homepage": "http://guzzlephp.org/",
            "keywords": [
                "client",
                "curl",
                "framework",
                "http",
                "http client",
                "rest",
                "web service"
            ],
            "time": "2018-04-22T15:46:56+00:00"
        },
        {
            "name": "guzzlehttp/promises",
            "version": "v1.3.1",
            "source": {
                "type": "git",
                "url": "https://github.com/guzzle/promises.git",
                "reference": "a59da6cf61d80060647ff4d3eb2c03a2bc694646"
            },
            "dist": {
                "type": "zip",
                "url": "https://api.github.com/repos/guzzle/promises/zipball/a59da6cf61d80060647ff4d3eb2c03a2bc694646",
                "reference": "a59da6cf61d80060647ff4d3eb2c03a2bc694646",
                "shasum": ""
            },
            "require": {
                "php": ">=5.5.0"
            },
            "require-dev": {
                "phpunit/phpunit": "^4.0"
            },
            "type": "library",
            "extra": {
                "branch-alias": {
                    "dev-master": "1.4-dev"
                }
            },
            "autoload": {
                "psr-4": {
                    "GuzzleHttp\\Promise\\": "src/"
                },
                "files": [
                    "src/functions_include.php"
                ]
            },
            "notification-url": "https://packagist.org/downloads/",
            "license": [
                "MIT"
            ],
            "authors": [
                {
                    "name": "Michael Dowling",
                    "email": "mtdowling@gmail.com",
                    "homepage": "https://github.com/mtdowling"
                }
            ],
            "description": "Guzzle promises library",
            "keywords": [
                "promise"
            ],
            "time": "2016-12-20T10:07:11+00:00"
        },
        {
            "name": "guzzlehttp/psr7",
            "version": "1.4.2",
            "source": {
                "type": "git",
                "url": "https://github.com/guzzle/psr7.git",
                "reference": "f5b8a8512e2b58b0071a7280e39f14f72e05d87c"
            },
            "dist": {
                "type": "zip",
                "url": "https://api.github.com/repos/guzzle/psr7/zipball/f5b8a8512e2b58b0071a7280e39f14f72e05d87c",
                "reference": "f5b8a8512e2b58b0071a7280e39f14f72e05d87c",
                "shasum": ""
            },
            "require": {
                "php": ">=5.4.0",
                "psr/http-message": "~1.0"
            },
            "provide": {
                "psr/http-message-implementation": "1.0"
            },
            "require-dev": {
                "phpunit/phpunit": "~4.0"
            },
            "type": "library",
            "extra": {
                "branch-alias": {
                    "dev-master": "1.4-dev"
                }
            },
            "autoload": {
                "psr-4": {
                    "GuzzleHttp\\Psr7\\": "src/"
                },
                "files": [
                    "src/functions_include.php"
                ]
            },
            "notification-url": "https://packagist.org/downloads/",
            "license": [
                "MIT"
            ],
            "authors": [
                {
                    "name": "Michael Dowling",
                    "email": "mtdowling@gmail.com",
                    "homepage": "https://github.com/mtdowling"
                },
                {
                    "name": "Tobias Schultze",
                    "homepage": "https://github.com/Tobion"
                }
            ],
            "description": "PSR-7 message implementation that also provides common utility methods",
            "keywords": [
                "http",
                "message",
                "request",
                "response",
                "stream",
                "uri",
                "url"
            ],
            "time": "2017-03-20T17:10:46+00:00"
        },
        {
            "name": "mtdowling/jmespath.php",
            "version": "2.4.0",
            "source": {
                "type": "git",
                "url": "https://github.com/jmespath/jmespath.php.git",
                "reference": "adcc9531682cf87dfda21e1fd5d0e7a41d292fac"
            },
            "dist": {
                "type": "zip",
                "url": "https://api.github.com/repos/jmespath/jmespath.php/zipball/adcc9531682cf87dfda21e1fd5d0e7a41d292fac",
                "reference": "adcc9531682cf87dfda21e1fd5d0e7a41d292fac",
                "shasum": ""
            },
            "require": {
                "php": ">=5.4.0"
            },
            "require-dev": {
                "phpunit/phpunit": "~4.0"
            },
            "bin": [
                "bin/jp.php"
            ],
            "type": "library",
            "extra": {
                "branch-alias": {
                    "dev-master": "2.0-dev"
                }
            },
            "autoload": {
                "psr-4": {
                    "JmesPath\\": "src/"
                },
                "files": [
                    "src/JmesPath.php"
                ]
            },
            "notification-url": "https://packagist.org/downloads/",
            "license": [
                "MIT"
            ],
            "authors": [
                {
                    "name": "Michael Dowling",
                    "email": "mtdowling@gmail.com",
                    "homepage": "https://github.com/mtdowling"
                }
            ],
            "description": "Declaratively specify how to extract elements from a JSON document",
            "keywords": [
                "json",
                "jsonpath"
            ],
            "time": "2016-12-03T22:08:25+00:00"
        },
        {
            "name": "psr/http-message",
            "version": "1.0.1",
            "source": {
                "type": "git",
                "url": "https://github.com/php-fig/http-message.git",
                "reference": "f6561bf28d520154e4b0ec72be95418abe6d9363"
            },
            "dist": {
                "type": "zip",
                "url": "https://api.github.com/repos/php-fig/http-message/zipball/f6561bf28d520154e4b0ec72be95418abe6d9363",
                "reference": "f6561bf28d520154e4b0ec72be95418abe6d9363",
                "shasum": ""
            },
            "require": {
                "php": ">=5.3.0"
            },
            "type": "library",
            "extra": {
                "branch-alias": {
                    "dev-master": "1.0.x-dev"
                }
            },
            "autoload": {
                "psr-4": {
                    "Psr\\Http\\Message\\": "src/"
                }
            },
            "notification-url": "https://packagist.org/downloads/",
            "license": [
                "MIT"
            ],
            "authors": [
                {
                    "name": "PHP-FIG",
                    "homepage": "http://www.php-fig.org/"
                }
            ],
            "description": "Common interface for HTTP messages",
            "homepage": "https://github.com/php-fig/http-message",
            "keywords": [
                "http",
                "http-message",
                "psr",
                "psr-7",
                "request",
                "response"
            ],
            "time": "2016-08-06T14:39:51+00:00"
        },
        {
            "name": "rmccue/requests",
            "version": "v1.7.0",
            "source": {
                "type": "git",
                "url": "https://github.com/rmccue/Requests.git",
                "reference": "87932f52ffad70504d93f04f15690cf16a089546"
            },
            "dist": {
                "type": "zip",
                "url": "https://api.github.com/repos/rmccue/Requests/zipball/87932f52ffad70504d93f04f15690cf16a089546",
                "reference": "87932f52ffad70504d93f04f15690cf16a089546",
                "shasum": ""
            },
            "require": {
                "php": ">=5.2"
            },
            "require-dev": {
                "requests/test-server": "dev-master"
            },
            "type": "library",
            "autoload": {
                "psr-0": {
                    "Requests": "library/"
                }
            },
            "notification-url": "https://packagist.org/downloads/",
            "license": [
                "ISC"
            ],
            "authors": [
                {
                    "name": "Ryan McCue",
                    "homepage": "http://ryanmccue.info"
                }
            ],
            "description": "A HTTP library written in PHP, for human beings.",
            "homepage": "http://github.com/rmccue/Requests",
            "keywords": [
                "curl",
                "fsockopen",
                "http",
                "idna",
                "ipv6",
                "iri",
                "sockets"
            ],
            "time": "2016-10-13T00:11:37+00:00"
        },
        {
            "name": "symfony/console",
            "version": "v4.1.4",
            "source": {
                "type": "git",
                "url": "https://github.com/symfony/console.git",
                "reference": "ca80b8ced97cf07390078b29773dc384c39eee1f"
            },
            "dist": {
                "type": "zip",
                "url": "https://api.github.com/repos/symfony/console/zipball/ca80b8ced97cf07390078b29773dc384c39eee1f",
                "reference": "ca80b8ced97cf07390078b29773dc384c39eee1f",
                "shasum": ""
            },
            "require": {
                "php": "^7.1.3",
                "symfony/polyfill-mbstring": "~1.0"
            },
            "conflict": {
                "symfony/dependency-injection": "<3.4",
                "symfony/process": "<3.3"
            },
            "require-dev": {
                "psr/log": "~1.0",
                "symfony/config": "~3.4|~4.0",
                "symfony/dependency-injection": "~3.4|~4.0",
                "symfony/event-dispatcher": "~3.4|~4.0",
                "symfony/lock": "~3.4|~4.0",
                "symfony/process": "~3.4|~4.0"
            },
            "suggest": {
                "psr/log-implementation": "For using the console logger",
                "symfony/event-dispatcher": "",
                "symfony/lock": "",
                "symfony/process": ""
            },
            "type": "library",
            "extra": {
                "branch-alias": {
                    "dev-master": "4.1-dev"
                }
            },
            "autoload": {
                "psr-4": {
                    "Symfony\\Component\\Console\\": ""
                },
                "exclude-from-classmap": [
                    "/Tests/"
                ]
            },
            "notification-url": "https://packagist.org/downloads/",
            "license": [
                "MIT"
            ],
            "authors": [
                {
                    "name": "Fabien Potencier",
                    "email": "fabien@symfony.com"
                },
                {
                    "name": "Symfony Community",
                    "homepage": "https://symfony.com/contributors"
                }
            ],
            "description": "Symfony Console Component",
            "homepage": "https://symfony.com",
            "time": "2018-07-26T11:24:31+00:00"
        },
        {
            "name": "symfony/polyfill-mbstring",
            "version": "v1.9.0",
            "source": {
                "type": "git",
                "url": "https://github.com/symfony/polyfill-mbstring.git",
                "reference": "d0cd638f4634c16d8df4508e847f14e9e43168b8"
            },
            "dist": {
                "type": "zip",
                "url": "https://api.github.com/repos/symfony/polyfill-mbstring/zipball/d0cd638f4634c16d8df4508e847f14e9e43168b8",
                "reference": "d0cd638f4634c16d8df4508e847f14e9e43168b8",
                "shasum": ""
            },
            "require": {
                "php": ">=5.3.3"
            },
            "suggest": {
                "ext-mbstring": "For best performance"
            },
            "type": "library",
            "extra": {
                "branch-alias": {
                    "dev-master": "1.9-dev"
                }
            },
            "autoload": {
                "psr-4": {
                    "Symfony\\Polyfill\\Mbstring\\": ""
                },
                "files": [
                    "bootstrap.php"
                ]
            },
            "notification-url": "https://packagist.org/downloads/",
            "license": [
                "MIT"
            ],
            "authors": [
                {
                    "name": "Nicolas Grekas",
                    "email": "p@tchwork.com"
                },
                {
                    "name": "Symfony Community",
                    "homepage": "https://symfony.com/contributors"
                }
            ],
            "description": "Symfony polyfill for the Mbstring extension",
            "homepage": "https://symfony.com",
            "keywords": [
                "compatibility",
                "mbstring",
                "polyfill",
                "portable",
                "shim"
            ],
            "time": "2018-08-06T14:22:27+00:00"
        }
    ],
    "packages-dev": [
        {
            "name": "10up/phpcs-composer",
            "version": "dev-master",
            "source": {
                "type": "git",
                "url": "https://github.com/10up/phpcs-composer.git",
                "reference": "b3b1f2149dd01a42e8c384f1f8e1d01f161eb04f"
            },
            "dist": {
                "type": "zip",
                "url": "https://api.github.com/repos/10up/phpcs-composer/zipball/b3b1f2149dd01a42e8c384f1f8e1d01f161eb04f",
                "reference": "b3b1f2149dd01a42e8c384f1f8e1d01f161eb04f",
                "shasum": ""
            },
            "require": {
                "composer-plugin-api": "^1.1",
                "wimg/php-compatibility": "*",
                "wp-coding-standards/wpcs": "*"
            },
            "type": "composer-plugin",
            "extra": {
                "class": "TenUp\\PHPCS_Composer\\PHPCSConfig"
            },
            "autoload": {
                "psr-4": {
                    "TenUp\\PHPCS_Composer\\": "src/"
                }
            },
            "notification-url": "https://packagist.org/downloads/",
            "license": [
                "MIT"
            ],
            "authors": [
                {
                    "name": "Ephraim Gregor",
                    "email": "ephraim.gregor@10up.com"
                }
            ],
            "time": "2018-08-30T03:14:09+00:00"
        },
        {
            "name": "guzzle/guzzle",
            "version": "v3.9.3",
            "source": {
                "type": "git",
                "url": "https://github.com/guzzle/guzzle3.git",
                "reference": "0645b70d953bc1c067bbc8d5bc53194706b628d9"
            },
            "dist": {
                "type": "zip",
                "url": "https://api.github.com/repos/guzzle/guzzle3/zipball/0645b70d953bc1c067bbc8d5bc53194706b628d9",
                "reference": "0645b70d953bc1c067bbc8d5bc53194706b628d9",
                "shasum": ""
            },
            "require": {
                "ext-curl": "*",
                "php": ">=5.3.3",
                "symfony/event-dispatcher": "~2.1"
            },
            "replace": {
                "guzzle/batch": "self.version",
                "guzzle/cache": "self.version",
                "guzzle/common": "self.version",
                "guzzle/http": "self.version",
                "guzzle/inflection": "self.version",
                "guzzle/iterator": "self.version",
                "guzzle/log": "self.version",
                "guzzle/parser": "self.version",
                "guzzle/plugin": "self.version",
                "guzzle/plugin-async": "self.version",
                "guzzle/plugin-backoff": "self.version",
                "guzzle/plugin-cache": "self.version",
                "guzzle/plugin-cookie": "self.version",
                "guzzle/plugin-curlauth": "self.version",
                "guzzle/plugin-error-response": "self.version",
                "guzzle/plugin-history": "self.version",
                "guzzle/plugin-log": "self.version",
                "guzzle/plugin-md5": "self.version",
                "guzzle/plugin-mock": "self.version",
                "guzzle/plugin-oauth": "self.version",
                "guzzle/service": "self.version",
                "guzzle/stream": "self.version"
            },
            "require-dev": {
                "doctrine/cache": "~1.3",
                "monolog/monolog": "~1.0",
                "phpunit/phpunit": "3.7.*",
                "psr/log": "~1.0",
                "symfony/class-loader": "~2.1",
                "zendframework/zend-cache": "2.*,<2.3",
                "zendframework/zend-log": "2.*,<2.3"
            },
            "suggest": {
                "guzzlehttp/guzzle": "Guzzle 5 has moved to a new package name. The package you have installed, Guzzle 3, is deprecated."
            },
            "type": "library",
            "extra": {
                "branch-alias": {
                    "dev-master": "3.9-dev"
                }
            },
            "autoload": {
                "psr-0": {
                    "Guzzle": "src/",
                    "Guzzle\\Tests": "tests/"
                }
            },
            "notification-url": "https://packagist.org/downloads/",
            "license": [
                "MIT"
            ],
            "authors": [
                {
                    "name": "Michael Dowling",
                    "email": "mtdowling@gmail.com",
                    "homepage": "https://github.com/mtdowling"
                },
                {
                    "name": "Guzzle Community",
                    "homepage": "https://github.com/guzzle/guzzle/contributors"
                }
            ],
            "description": "PHP HTTP client. This library is deprecated in favor of https://packagist.org/packages/guzzlehttp/guzzle",
            "homepage": "http://guzzlephp.org/",
            "keywords": [
                "client",
                "curl",
                "framework",
                "http",
                "http client",
                "rest",
                "web service"
            ],
            "abandoned": "guzzlehttp/guzzle",
            "time": "2015-03-18T18:23:50+00:00"
        },
        {
            "name": "squizlabs/php_codesniffer",
            "version": "3.3.1",
            "source": {
                "type": "git",
                "url": "https://github.com/squizlabs/PHP_CodeSniffer.git",
                "reference": "628a481780561150481a9ec74709092b9759b3ec"
            },
            "dist": {
                "type": "zip",
                "url": "https://api.github.com/repos/squizlabs/PHP_CodeSniffer/zipball/628a481780561150481a9ec74709092b9759b3ec",
                "reference": "628a481780561150481a9ec74709092b9759b3ec",
                "shasum": ""
            },
            "require": {
                "ext-simplexml": "*",
                "ext-tokenizer": "*",
                "ext-xmlwriter": "*",
                "php": ">=5.4.0"
            },
            "require-dev": {
                "phpunit/phpunit": "^4.0 || ^5.0 || ^6.0 || ^7.0"
            },
            "bin": [
                "bin/phpcs",
                "bin/phpcbf"
            ],
            "type": "library",
            "extra": {
                "branch-alias": {
                    "dev-master": "3.x-dev"
                }
            },
            "notification-url": "https://packagist.org/downloads/",
            "license": [
                "BSD-3-Clause"
            ],
            "authors": [
                {
                    "name": "Greg Sherwood",
                    "role": "lead"
                }
            ],
            "description": "PHP_CodeSniffer tokenizes PHP, JavaScript and CSS files and detects violations of a defined set of coding standards.",
            "homepage": "http://www.squizlabs.com/php-codesniffer",
            "keywords": [
                "phpcs",
                "standards"
            ],
            "time": "2018-07-26T23:47:18+00:00"
        },
        {
            "name": "symfony/event-dispatcher",
            "version": "v2.8.45",
            "source": {
                "type": "git",
                "url": "https://github.com/symfony/event-dispatcher.git",
                "reference": "84ae343f39947aa084426ed1138bb96bf94d1f12"
            },
            "dist": {
                "type": "zip",
                "url": "https://api.github.com/repos/symfony/event-dispatcher/zipball/84ae343f39947aa084426ed1138bb96bf94d1f12",
                "reference": "84ae343f39947aa084426ed1138bb96bf94d1f12",
                "shasum": ""
            },
            "require": {
                "php": ">=5.3.9"
            },
            "require-dev": {
                "psr/log": "~1.0",
                "symfony/config": "^2.0.5|~3.0.0",
                "symfony/dependency-injection": "~2.6|~3.0.0",
                "symfony/expression-language": "~2.6|~3.0.0",
                "symfony/stopwatch": "~2.3|~3.0.0"
            },
            "suggest": {
                "symfony/dependency-injection": "",
                "symfony/http-kernel": ""
            },
            "type": "library",
            "extra": {
                "branch-alias": {
                    "dev-master": "2.8-dev"
                }
            },
            "autoload": {
                "psr-4": {
                    "Symfony\\Component\\EventDispatcher\\": ""
                },
                "exclude-from-classmap": [
                    "/Tests/"
                ]
            },
            "notification-url": "https://packagist.org/downloads/",
            "license": [
                "MIT"
            ],
            "authors": [
                {
                    "name": "Fabien Potencier",
                    "email": "fabien@symfony.com"
                },
                {
                    "name": "Symfony Community",
                    "homepage": "https://symfony.com/contributors"
                }
            ],
            "description": "Symfony EventDispatcher Component",
            "homepage": "https://symfony.com",
            "time": "2018-07-26T09:03:18+00:00"
        },
        {
            "name": "wimg/php-compatibility",
            "version": "8.2.0",
            "source": {
                "type": "git",
                "url": "https://github.com/PHPCompatibility/PHPCompatibility.git",
                "reference": "eaf613c1a8265bcfd7b0ab690783f2aef519f78a"
            },
            "dist": {
                "type": "zip",
                "url": "https://api.github.com/repos/PHPCompatibility/PHPCompatibility/zipball/eaf613c1a8265bcfd7b0ab690783f2aef519f78a",
                "reference": "eaf613c1a8265bcfd7b0ab690783f2aef519f78a",
                "shasum": ""
            },
            "require": {
                "php": ">=5.3",
                "squizlabs/php_codesniffer": "^2.3 || ^3.0.2"
            },
            "conflict": {
                "squizlabs/php_codesniffer": "2.6.2"
            },
            "require-dev": {
                "phpunit/phpunit": "~4.5 || ^5.0 || ^6.0 || ^7.0"
            },
            "suggest": {
                "dealerdirect/phpcodesniffer-composer-installer": "^0.4.3 || This Composer plugin will sort out the PHPCS 'installed_paths' automatically.",
                "roave/security-advisories": "dev-master || Helps prevent installing dependencies with known security issues."
            },
            "type": "phpcodesniffer-standard",
            "autoload": {
                "psr-4": {
                    "PHPCompatibility\\": "PHPCompatibility/"
                }
            },
            "notification-url": "https://packagist.org/downloads/",
            "license": [
                "LGPL-3.0-or-later"
            ],
            "authors": [
                {
                    "name": "Wim Godden",
                    "role": "lead"
                }
            ],
            "description": "A set of sniffs for PHP_CodeSniffer that checks for PHP version compatibility.",
            "homepage": "http://techblog.wimgodden.be/tag/codesniffer/",
            "keywords": [
                "compatibility",
                "phpcs",
                "standards"
            ],
            "time": "2018-07-17T13:42:26+00:00"
        },
        {
            "name": "wp-coding-standards/wpcs",
            "version": "1.0.0",
            "source": {
                "type": "git",
                "url": "https://github.com/WordPress-Coding-Standards/WordPress-Coding-Standards.git",
                "reference": "539c6d74e6207daa22b7ea754d6f103e9abb2755"
            },
            "dist": {
                "type": "zip",
                "url": "https://api.github.com/repos/WordPress-Coding-Standards/WordPress-Coding-Standards/zipball/539c6d74e6207daa22b7ea754d6f103e9abb2755",
                "reference": "539c6d74e6207daa22b7ea754d6f103e9abb2755",
                "shasum": ""
            },
            "require": {
                "php": ">=5.3",
                "squizlabs/php_codesniffer": "^2.9.0 || ^3.0.2"
            },
            "require-dev": {
                "phpcompatibility/php-compatibility": "*"
            },
            "suggest": {
                "dealerdirect/phpcodesniffer-composer-installer": "^0.4.3 || This Composer plugin will sort out the PHPCS 'installed_paths' automatically."
            },
            "type": "phpcodesniffer-standard",
            "notification-url": "https://packagist.org/downloads/",
            "license": [
                "MIT"
            ],
            "authors": [
                {
                    "name": "Contributors",
                    "homepage": "https://github.com/WordPress-Coding-Standards/WordPress-Coding-Standards/graphs/contributors"
                }
            ],
            "description": "PHP_CodeSniffer rules (sniffs) to enforce WordPress coding conventions",
            "keywords": [
                "phpcs",
                "standards",
                "wordpress"
            ],
            "time": "2018-07-25T18:10:35+00:00"
        }
    ],
    "aliases": [],
    "minimum-stability": "stable",
    "stability-flags": {
        "10up/phpcs-composer": 20
    },
    "prefer-stable": false,
    "prefer-lowest": false,
    "platform": {
        "php": ">=7.0"
    },
    "platform-dev": []
}
