{
    "_readme": [
        "This file locks the dependencies of your project to a known state",
        "Read more about it at https://getcomposer.org/doc/01-basic-usage.md#composer-lock-the-lock-file",
        "This file is @generated automatically"
    ],
    "content-hash": "7c2f52e65197a6d1ae3d7b7537203904",
    "packages": [
        {
            "name": "aws/aws-sdk-php",
            "version": "2.8.31",
            "source": {
                "type": "git",
                "url": "https://github.com/aws/aws-sdk-php.git",
                "reference": "64fa4b07f056e338a5f0f29eece75babaa83af68"
            },
            "dist": {
                "type": "zip",
                "url": "https://api.github.com/repos/aws/aws-sdk-php/zipball/64fa4b07f056e338a5f0f29eece75babaa83af68",
                "reference": "64fa4b07f056e338a5f0f29eece75babaa83af68",
                "shasum": ""
            },
            "require": {
                "guzzle/guzzle": "~3.7",
                "php": ">=5.3.3"
            },
            "require-dev": {
                "doctrine/cache": "~1.0",
                "ext-openssl": "*",
                "monolog/monolog": "~1.4",
                "phpunit/phpunit": "~4.0",
                "phpunit/phpunit-mock-objects": "2.3.1",
                "symfony/yaml": "~2.1"
            },
            "suggest": {
                "doctrine/cache": "Adds support for caching of credentials and responses",
                "ext-apc": "Allows service description opcode caching, request and response caching, and credentials caching",
                "ext-openssl": "Allows working with CloudFront private distributions and verifying received SNS messages",
                "monolog/monolog": "Adds support for logging HTTP requests and responses",
                "symfony/yaml": "Eases the ability to write manifests for creating jobs in AWS Import/Export"
            },
            "type": "library",
            "autoload": {
                "psr-0": {
                    "Aws": "src/"
                }
            },
            "notification-url": "https://packagist.org/downloads/",
            "license": [
                "Apache-2.0"
            ],
            "authors": [
                {
                    "name": "Amazon Web Services",
                    "homepage": "http://aws.amazon.com"
                }
            ],
            "description": "AWS SDK for PHP - Use Amazon Web Services in your PHP project",
            "homepage": "http://aws.amazon.com/sdkforphp",
            "keywords": [
                "amazon",
                "aws",
                "cloud",
                "dynamodb",
                "ec2",
                "glacier",
                "s3",
                "sdk"
            ],
            "time": "2016-07-25T18:03:20+00:00"
        },
        {
            "name": "guzzle/guzzle",
            "version": "v3.9.3",
            "source": {
                "type": "git",
                "url": "https://github.com/guzzle/guzzle3.git",
                "reference": "0645b70d953bc1c067bbc8d5bc53194706b628d9"
            },
            "dist": {
                "type": "zip",
                "url": "https://api.github.com/repos/guzzle/guzzle3/zipball/0645b70d953bc1c067bbc8d5bc53194706b628d9",
                "reference": "0645b70d953bc1c067bbc8d5bc53194706b628d9",
                "shasum": ""
            },
            "require": {
                "ext-curl": "*",
                "php": ">=5.3.3",
                "symfony/event-dispatcher": "~2.1"
            },
            "replace": {
                "guzzle/batch": "self.version",
                "guzzle/cache": "self.version",
                "guzzle/common": "self.version",
                "guzzle/http": "self.version",
                "guzzle/inflection": "self.version",
                "guzzle/iterator": "self.version",
                "guzzle/log": "self.version",
                "guzzle/parser": "self.version",
                "guzzle/plugin": "self.version",
                "guzzle/plugin-async": "self.version",
                "guzzle/plugin-backoff": "self.version",
                "guzzle/plugin-cache": "self.version",
                "guzzle/plugin-cookie": "self.version",
                "guzzle/plugin-curlauth": "self.version",
                "guzzle/plugin-error-response": "self.version",
                "guzzle/plugin-history": "self.version",
                "guzzle/plugin-log": "self.version",
                "guzzle/plugin-md5": "self.version",
                "guzzle/plugin-mock": "self.version",
                "guzzle/plugin-oauth": "self.version",
                "guzzle/service": "self.version",
                "guzzle/stream": "self.version"
            },
            "require-dev": {
                "doctrine/cache": "~1.3",
                "monolog/monolog": "~1.0",
                "phpunit/phpunit": "3.7.*",
                "psr/log": "~1.0",
                "symfony/class-loader": "~2.1",
                "zendframework/zend-cache": "2.*,<2.3",
                "zendframework/zend-log": "2.*,<2.3"
            },
            "suggest": {
                "guzzlehttp/guzzle": "Guzzle 5 has moved to a new package name. The package you have installed, Guzzle 3, is deprecated."
            },
            "type": "library",
            "extra": {
                "branch-alias": {
                    "dev-master": "3.9-dev"
                }
            },
            "autoload": {
                "psr-0": {
                    "Guzzle": "src/",
                    "Guzzle\\Tests": "tests/"
                }
            },
            "notification-url": "https://packagist.org/downloads/",
            "license": [
                "MIT"
            ],
            "authors": [
                {
                    "name": "Michael Dowling",
                    "email": "mtdowling@gmail.com",
                    "homepage": "https://github.com/mtdowling"
                },
                {
                    "name": "Guzzle Community",
                    "homepage": "https://github.com/guzzle/guzzle/contributors"
                }
            ],
            "description": "PHP HTTP client. This library is deprecated in favor of https://packagist.org/packages/guzzlehttp/guzzle",
            "homepage": "http://guzzlephp.org/",
            "keywords": [
                "client",
                "curl",
                "framework",
                "http",
                "http client",
                "rest",
                "web service"
            ],
            "abandoned": "guzzlehttp/guzzle",
            "time": "2015-03-18T18:23:50+00:00"
        },
        {
            "name": "psr/log",
            "version": "1.0.2",
            "source": {
                "type": "git",
                "url": "https://github.com/php-fig/log.git",
                "reference": "4ebe3a8bf773a19edfe0a84b6585ba3d401b724d"
            },
            "dist": {
                "type": "zip",
                "url": "https://api.github.com/repos/php-fig/log/zipball/4ebe3a8bf773a19edfe0a84b6585ba3d401b724d",
                "reference": "4ebe3a8bf773a19edfe0a84b6585ba3d401b724d",
                "shasum": ""
            },
            "require": {
                "php": ">=5.3.0"
            },
            "type": "library",
            "extra": {
                "branch-alias": {
                    "dev-master": "1.0.x-dev"
                }
            },
            "autoload": {
                "psr-4": {
                    "Psr\\Log\\": "Psr/Log/"
                }
            },
            "notification-url": "https://packagist.org/downloads/",
            "license": [
                "MIT"
            ],
            "authors": [
                {
                    "name": "PHP-FIG",
                    "homepage": "http://www.php-fig.org/"
                }
            ],
            "description": "Common interface for logging libraries",
            "homepage": "https://github.com/php-fig/log",
            "keywords": [
                "log",
                "psr",
                "psr-3"
            ],
            "time": "2016-10-10T12:19:37+00:00"
        },
        {
            "name": "rmccue/requests",
            "version": "v1.7.0",
            "source": {
                "type": "git",
                "url": "https://github.com/rmccue/Requests.git",
                "reference": "87932f52ffad70504d93f04f15690cf16a089546"
            },
            "dist": {
                "type": "zip",
                "url": "https://api.github.com/repos/rmccue/Requests/zipball/87932f52ffad70504d93f04f15690cf16a089546",
                "reference": "87932f52ffad70504d93f04f15690cf16a089546",
                "shasum": ""
            },
            "require": {
                "php": ">=5.2"
            },
            "require-dev": {
                "requests/test-server": "dev-master"
            },
            "type": "library",
            "autoload": {
                "psr-0": {
                    "Requests": "library/"
                }
            },
            "notification-url": "https://packagist.org/downloads/",
            "license": [
                "ISC"
            ],
            "authors": [
                {
                    "name": "Ryan McCue",
                    "homepage": "http://ryanmccue.info"
                }
            ],
            "description": "A HTTP library written in PHP, for human beings.",
            "homepage": "http://github.com/rmccue/Requests",
            "keywords": [
                "curl",
                "fsockopen",
                "http",
                "idna",
                "ipv6",
                "iri",
                "sockets"
            ],
            "time": "2016-10-13T00:11:37+00:00"
        },
        {
            "name": "symfony/console",
            "version": "v3.3.9",
            "source": {
                "type": "git",
                "url": "https://github.com/symfony/console.git",
                "reference": "a1e1b01293a090cb9ae2ddd221a3251a4a7e4abf"
            },
            "dist": {
                "type": "zip",
                "url": "https://api.github.com/repos/symfony/console/zipball/a1e1b01293a090cb9ae2ddd221a3251a4a7e4abf",
                "reference": "a1e1b01293a090cb9ae2ddd221a3251a4a7e4abf",
                "shasum": ""
            },
            "require": {
                "php": "^5.5.9|>=7.0.8",
                "symfony/debug": "~2.8|~3.0",
                "symfony/polyfill-mbstring": "~1.0"
            },
            "conflict": {
                "symfony/dependency-injection": "<3.3"
            },
            "require-dev": {
                "psr/log": "~1.0",
                "symfony/config": "~3.3",
                "symfony/dependency-injection": "~3.3",
                "symfony/event-dispatcher": "~2.8|~3.0",
                "symfony/filesystem": "~2.8|~3.0",
                "symfony/process": "~2.8|~3.0"
            },
            "suggest": {
                "psr/log": "For using the console logger",
                "symfony/event-dispatcher": "",
                "symfony/filesystem": "",
                "symfony/process": ""
            },
            "type": "library",
            "extra": {
                "branch-alias": {
                    "dev-master": "3.3-dev"
                }
            },
            "autoload": {
                "psr-4": {
                    "Symfony\\Component\\Console\\": ""
                },
                "exclude-from-classmap": [
                    "/Tests/"
                ]
            },
            "notification-url": "https://packagist.org/downloads/",
            "license": [
                "MIT"
            ],
            "authors": [
                {
                    "name": "Fabien Potencier",
                    "email": "fabien@symfony.com"
                },
                {
                    "name": "Symfony Community",
                    "homepage": "https://symfony.com/contributors"
                }
            ],
            "description": "Symfony Console Component",
            "homepage": "https://symfony.com",
            "time": "2017-09-06T16:40:18+00:00"
        },
        {
            "name": "symfony/debug",
            "version": "v3.3.9",
            "source": {
                "type": "git",
                "url": "https://github.com/symfony/debug.git",
                "reference": "8beb24eec70b345c313640962df933499373a944"
            },
            "dist": {
                "type": "zip",
                "url": "https://api.github.com/repos/symfony/debug/zipball/8beb24eec70b345c313640962df933499373a944",
                "reference": "8beb24eec70b345c313640962df933499373a944",
                "shasum": ""
            },
            "require": {
                "php": "^5.5.9|>=7.0.8",
                "psr/log": "~1.0"
            },
            "conflict": {
                "symfony/http-kernel": ">=2.3,<2.3.24|~2.4.0|>=2.5,<2.5.9|>=2.6,<2.6.2"
            },
            "require-dev": {
                "symfony/http-kernel": "~2.8|~3.0"
            },
            "type": "library",
            "extra": {
                "branch-alias": {
                    "dev-master": "3.3-dev"
                }
            },
            "autoload": {
                "psr-4": {
                    "Symfony\\Component\\Debug\\": ""
                },
                "exclude-from-classmap": [
                    "/Tests/"
                ]
            },
            "notification-url": "https://packagist.org/downloads/",
            "license": [
                "MIT"
            ],
            "authors": [
                {
                    "name": "Fabien Potencier",
                    "email": "fabien@symfony.com"
                },
                {
                    "name": "Symfony Community",
                    "homepage": "https://symfony.com/contributors"
                }
            ],
            "description": "Symfony Debug Component",
            "homepage": "https://symfony.com",
            "time": "2017-09-01T13:23:39+00:00"
        },
        {
            "name": "symfony/event-dispatcher",
            "version": "v2.8.27",
            "source": {
                "type": "git",
                "url": "https://github.com/symfony/event-dispatcher.git",
                "reference": "1377400fd641d7d1935981546aaef780ecd5bf6d"
            },
            "dist": {
                "type": "zip",
                "url": "https://api.github.com/repos/symfony/event-dispatcher/zipball/1377400fd641d7d1935981546aaef780ecd5bf6d",
                "reference": "1377400fd641d7d1935981546aaef780ecd5bf6d",
                "shasum": ""
            },
            "require": {
                "php": ">=5.3.9"
            },
            "require-dev": {
                "psr/log": "~1.0",
                "symfony/config": "^2.0.5|~3.0.0",
                "symfony/dependency-injection": "~2.6|~3.0.0",
                "symfony/expression-language": "~2.6|~3.0.0",
                "symfony/stopwatch": "~2.3|~3.0.0"
            },
            "suggest": {
                "symfony/dependency-injection": "",
                "symfony/http-kernel": ""
            },
            "type": "library",
            "extra": {
                "branch-alias": {
                    "dev-master": "2.8-dev"
                }
            },
            "autoload": {
                "psr-4": {
                    "Symfony\\Component\\EventDispatcher\\": ""
                },
                "exclude-from-classmap": [
                    "/Tests/"
                ]
            },
            "notification-url": "https://packagist.org/downloads/",
            "license": [
                "MIT"
            ],
            "authors": [
                {
                    "name": "Fabien Potencier",
                    "email": "fabien@symfony.com"
                },
                {
                    "name": "Symfony Community",
                    "homepage": "https://symfony.com/contributors"
                }
            ],
            "description": "Symfony EventDispatcher Component",
            "homepage": "https://symfony.com",
            "time": "2017-06-02T07:47:27+00:00"
        },
        {
            "name": "symfony/polyfill-mbstring",
            "version": "v1.5.0",
            "source": {
                "type": "git",
                "url": "https://github.com/symfony/polyfill-mbstring.git",
                "reference": "7c8fae0ac1d216eb54349e6a8baa57d515fe8803"
            },
            "dist": {
                "type": "zip",
                "url": "https://api.github.com/repos/symfony/polyfill-mbstring/zipball/7c8fae0ac1d216eb54349e6a8baa57d515fe8803",
                "reference": "7c8fae0ac1d216eb54349e6a8baa57d515fe8803",
                "shasum": ""
            },
            "require": {
                "php": ">=5.3.3"
            },
            "suggest": {
                "ext-mbstring": "For best performance"
            },
            "type": "library",
            "extra": {
                "branch-alias": {
                    "dev-master": "1.5-dev"
                }
            },
            "autoload": {
                "psr-4": {
                    "Symfony\\Polyfill\\Mbstring\\": ""
                },
                "files": [
                    "bootstrap.php"
                ]
            },
            "notification-url": "https://packagist.org/downloads/",
            "license": [
                "MIT"
            ],
            "authors": [
                {
                    "name": "Nicolas Grekas",
                    "email": "p@tchwork.com"
                },
                {
                    "name": "Symfony Community",
                    "homepage": "https://symfony.com/contributors"
                }
            ],
            "description": "Symfony polyfill for the Mbstring extension",
            "homepage": "https://symfony.com",
            "keywords": [
                "compatibility",
                "mbstring",
                "polyfill",
                "portable",
                "shim"
            ],
            "time": "2017-06-14T15:44:48+00:00"
        }
    ],
    "packages-dev": [],
    "aliases": [],
    "minimum-stability": "stable",
    "stability-flags": [],
    "prefer-stable": false,
    "prefer-lowest": false,
    "platform": [],
    "platform-dev": []
}
